
Microsoft Visual Studio Solution File, Format Version 12.00
# Visual Studio 15
VisualStudioVersion = 15.0.27004.2010
MinimumVisualStudioVersion = 10.0.40219.1
Project("{FAE04EC0-301F-11D3-BF4B-00C04F79EFBC}") = "Chat Server", "Chat Server\Chat Server.csproj", "{05EABAFA-A36A-4B1E-A25B-7B89E84D53C1}"
EndProject
Global
	GlobalSection(SolutionConfigurationPlatforms) = preSolution
		Debug|Any CPU = Debug|Any CPU
		Release|Any CPU = Release|Any CPU
	EndGlobalSection
	GlobalSection(ProjectConfigurationPlatforms) = postSolution
		{05EABAFA-A36A-4B1E-A25B-7B89E84D53C1}.Debug|Any CPU.ActiveCfg = Debug|Any CPU
		{05EABAFA-A36A-4B1E-A25B-7B89E84D53C1}.Debug|Any CPU.Build.0 = Debug|Any CPU
		{05EABAFA-A36A-4B1E-A25B-7B89E84D53C1}.Release|Any CPU.ActiveCfg = Release|Any CPU
		{05EABAFA-A36A-4B1E-A25B-7B89E84D53C1}.Release|Any CPU.Build.0 = Release|Any CPU
	EndGlobalSection
	GlobalSection(SolutionProperties) = preSolution
		HideSolutionNode = FALSE
	EndGlobalSection
	GlobalSection(ExtensibilityGlobals) = postSolution
		SolutionGuid = {C290F89E-9DA7-469A-93D1-466A938F5672}
	EndGlobalSection
EndGlobal
